
Microsoft Visual Studio Solution File, Format Version 12.00
# Visual Studio 15
VisualStudioVersion = 15.0.28307.705
MinimumVisualStudioVersion = 10.0.40219.1
Project("{8BC9CEB8-8B4A-11D0-8D11-00A0C91BC942}") = "银行家算法", "银行家算法\银行家算法.vcxproj", "{062B11FA-8235-4242-BF78-197323936199}"
EndProject
Global
	GlobalSection(SolutionConfigurationPlatforms) = preSolution
		Debug|x64 = Debug|x64
		Debug|x86 = Debug|x86
		Release|x64 = Release|x64
		Release|x86 = Release|x86
	EndGlobalSection
	GlobalSection(ProjectConfigurationPlatforms) = postSolution
		{062B11FA-8235-4242-BF78-197323936199}.Debug|x64.ActiveCfg = Debug|x64
		{062B11FA-8235-4242-BF78-197323936199}.Debug|x64.Build.0 = Debug|x64
		{062B11FA-8235-4242-BF78-197323936199}.Debug|x86.ActiveCfg = Debug|Win32
		{062B11FA-8235-4242-BF78-197323936199}.Debug|x86.Build.0 = Debug|Win32
		{062B11FA-8235-4242-BF78-197323936199}.Release|x64.ActiveCfg = Release|x64
		{062B11FA-8235-4242-BF78-197323936199}.Release|x64.Build.0 = Release|x64
		{062B11FA-8235-4242-BF78-197323936199}.Release|x86.ActiveCfg = Release|Win32
		{062B11FA-8235-4242-BF78-197323936199}.Release|x86.Build.0 = Release|Win32
	EndGlobalSection
	GlobalSection(SolutionProperties) = preSolution
		HideSolutionNode = FALSE
	EndGlobalSection
	GlobalSection(ExtensibilityGlobals) = postSolution
		SolutionGuid = {67FD6947-3E95-4F7D-82B0-01718ED992AA}
	EndGlobalSection
EndGlobal
